
Microsoft Visual Studio Solution File, Format Version 12.00
# Visual Studio 15
VisualStudioVersion = 15.0.26403.3
MinimumVisualStudioVersion = 10.0.40219.1
Project("{FAE04EC0-301F-11D3-BF4B-00C04F79EFBC}") = "NextGen.Domain", "NextGen.Domain\NextGen.Domain.csproj", "{AD0EF9C9-0A50-40EF-B0AD-3459BB4CEE79}"
EndProject
Project("{FAE04EC0-301F-11D3-BF4B-00C04F79EFBC}") = "NextGen.Models", "NextGen.Models\NextGen.Models.csproj", "{995A18EE-B10E-4674-885B-F1C252521D25}"
EndProject
Project("{FAE04EC0-301F-11D3-BF4B-00C04F79EFBC}") = "NextGen.UnitTests", "NextGen.UnitTests\NextGen.UnitTests.csproj", "{084C090E-F2A5-4B39-BDD8-8E5753E58B04}"
EndProject
Project("{FAE04EC0-301F-11D3-BF4B-00C04F79EFBC}") = "NextGen.WebUI", "NextGen.WebUI\NextGen.WebUI.csproj", "{6F12ED00-6C13-4C1C-B244-0A0A08FEC029}"
EndProject
Global
	GlobalSection(SolutionConfigurationPlatforms) = preSolution
		Debug|Any CPU = Debug|Any CPU
		Release|Any CPU = Release|Any CPU
	EndGlobalSection
	GlobalSection(ProjectConfigurationPlatforms) = postSolution
		{AD0EF9C9-0A50-40EF-B0AD-3459BB4CEE79}.Debug|Any CPU.ActiveCfg = Debug|Any CPU
		{AD0EF9C9-0A50-40EF-B0AD-3459BB4CEE79}.Debug|Any CPU.Build.0 = Debug|Any CPU
		{AD0EF9C9-0A50-40EF-B0AD-3459BB4CEE79}.Release|Any CPU.ActiveCfg = Release|Any CPU
		{AD0EF9C9-0A50-40EF-B0AD-3459BB4CEE79}.Release|Any CPU.Build.0 = Release|Any CPU
		{995A18EE-B10E-4674-885B-F1C252521D25}.Debug|Any CPU.ActiveCfg = Debug|Any CPU
		{995A18EE-B10E-4674-885B-F1C252521D25}.Debug|Any CPU.Build.0 = Debug|Any CPU
		{995A18EE-B10E-4674-885B-F1C252521D25}.Release|Any CPU.ActiveCfg = Release|Any CPU
		{995A18EE-B10E-4674-885B-F1C252521D25}.Release|Any CPU.Build.0 = Release|Any CPU
		{084C090E-F2A5-4B39-BDD8-8E5753E58B04}.Debug|Any CPU.ActiveCfg = Debug|Any CPU
		{084C090E-F2A5-4B39-BDD8-8E5753E58B04}.Debug|Any CPU.Build.0 = Debug|Any CPU
		{084C090E-F2A5-4B39-BDD8-8E5753E58B04}.Release|Any CPU.ActiveCfg = Release|Any CPU
		{084C090E-F2A5-4B39-BDD8-8E5753E58B04}.Release|Any CPU.Build.0 = Release|Any CPU
		{6F12ED00-6C13-4C1C-B244-0A0A08FEC029}.Debug|Any CPU.ActiveCfg = Debug|Any CPU
		{6F12ED00-6C13-4C1C-B244-0A0A08FEC029}.Debug|Any CPU.Build.0 = Debug|Any CPU
		{6F12ED00-6C13-4C1C-B244-0A0A08FEC029}.Release|Any CPU.ActiveCfg = Release|Any CPU
		{6F12ED00-6C13-4C1C-B244-0A0A08FEC029}.Release|Any CPU.Build.0 = Release|Any CPU
	EndGlobalSection
	GlobalSection(SolutionProperties) = preSolution
		HideSolutionNode = FALSE
	EndGlobalSection
EndGlobal
